
Microsoft Visual Studio Solution File, Format Version 12.00
# Visual Studio 15
VisualStudioVersion = 15.0.28307.421
MinimumVisualStudioVersion = 10.0.40219.1
Project("{FAE04EC0-301F-11D3-BF4B-00C04F79EFBC}") = "STRING_KATA_WEDNESDAY_06_03_2019", "STRING_KATA_WEDNESDAY_06_03_2019\STRING_KATA_WEDNESDAY_06_03_2019.csproj", "{1BDC0B49-51DF-42B6-B837-BB198807512E}"
EndProject
Global
	GlobalSection(SolutionConfigurationPlatforms) = preSolution
		Debug|Any CPU = Debug|Any CPU
		Release|Any CPU = Release|Any CPU
	EndGlobalSection
	GlobalSection(ProjectConfigurationPlatforms) = postSolution
		{1BDC0B49-51DF-42B6-B837-BB198807512E}.Debug|Any CPU.ActiveCfg = Debug|Any CPU
		{1BDC0B49-51DF-42B6-B837-BB198807512E}.Debug|Any CPU.Build.0 = Debug|Any CPU
		{1BDC0B49-51DF-42B6-B837-BB198807512E}.Release|Any CPU.ActiveCfg = Release|Any CPU
		{1BDC0B49-51DF-42B6-B837-BB198807512E}.Release|Any CPU.Build.0 = Release|Any CPU
	EndGlobalSection
	GlobalSection(SolutionProperties) = preSolution
		HideSolutionNode = FALSE
	EndGlobalSection
	GlobalSection(ExtensibilityGlobals) = postSolution
		SolutionGuid = {37E83525-4F61-40A6-B5EC-12A557861736}
	EndGlobalSection
EndGlobal
